
Microsoft Visual Studio Solution File, Format Version 12.00
# Visual Studio Version 17
VisualStudioVersion = 17.8.34511.84
MinimumVisualStudioVersion = 10.0.40219.1
Project("{FAE04EC0-301F-11D3-BF4B-00C04F79EFBC}") = "ShowNest.Web", "ShowNest.Web\ShowNest.Web.csproj", "{92C851E6-BC18-4D0E-9D3C-CD656CE05347}"
EndProject
Global
	GlobalSection(SolutionConfigurationPlatforms) = preSolution
		Debug|Any CPU = Debug|Any CPU
		Release|Any CPU = Release|Any CPU
	EndGlobalSection
	GlobalSection(ProjectConfigurationPlatforms) = postSolution
		{92C851E6-BC18-4D0E-9D3C-CD656CE05347}.Debug|Any CPU.ActiveCfg = Debug|Any CPU
		{92C851E6-BC18-4D0E-9D3C-CD656CE05347}.Debug|Any CPU.Build.0 = Debug|Any CPU
		{92C851E6-BC18-4D0E-9D3C-CD656CE05347}.Release|Any CPU.ActiveCfg = Release|Any CPU
		{92C851E6-BC18-4D0E-9D3C-CD656CE05347}.Release|Any CPU.Build.0 = Release|Any CPU
	EndGlobalSection
	GlobalSection(SolutionProperties) = preSolution
		HideSolutionNode = FALSE
	EndGlobalSection
	GlobalSection(ExtensibilityGlobals) = postSolution
		SolutionGuid = {1E027592-2BE4-4B07-9382-451F0AB54054}
	EndGlobalSection
EndGlobal
