
Microsoft Visual Studio Solution File, Format Version 12.00
# Visual Studio Version 17
VisualStudioVersion = 17.8.34525.116
MinimumVisualStudioVersion = 10.0.40219.1
Project("{FAE04EC0-301F-11D3-BF4B-00C04F79EFBC}") = "ShowNest-MVC", "ShowNest-MVC\ShowNest-MVC.csproj", "{56AC8458-471C-461C-A6B1-47409FE28632}"
EndProject
Global
	GlobalSection(SolutionConfigurationPlatforms) = preSolution
		Debug|Any CPU = Debug|Any CPU
		Release|Any CPU = Release|Any CPU
	EndGlobalSection
	GlobalSection(ProjectConfigurationPlatforms) = postSolution
		{56AC8458-471C-461C-A6B1-47409FE28632}.Debug|Any CPU.ActiveCfg = Debug|Any CPU
		{56AC8458-471C-461C-A6B1-47409FE28632}.Debug|Any CPU.Build.0 = Debug|Any CPU
		{56AC8458-471C-461C-A6B1-47409FE28632}.Release|Any CPU.ActiveCfg = Release|Any CPU
		{56AC8458-471C-461C-A6B1-47409FE28632}.Release|Any CPU.Build.0 = Release|Any CPU
	EndGlobalSection
	GlobalSection(SolutionProperties) = preSolution
		HideSolutionNode = FALSE
	EndGlobalSection
	GlobalSection(ExtensibilityGlobals) = postSolution
		SolutionGuid = {0BEEA8AD-0492-42EC-A30B-D7CBF777247D}
	EndGlobalSection
EndGlobal
